# This file was autogenerated by Stack.
# You should not edit this file by hand.
# For more information, please see the documentation at:
#   https://docs.haskellstack.org/en/stable/lock_files

packages:
- completed:
    hackage: mpi-hs-0.6.0.0@sha256:fa9271ea7121942ffa7869648c8c6fe6f08159a845fe05af6d667b4da251d489,8833
    pantry-tree:
      size: 796
      sha256: f6f147089dd4eaa382df6f089a2f552cc939233215391ece6334d6f487bb0e08
  original:
    hackage: mpi-hs-0.6.0.0@sha256:fa9271ea7121942ffa7869648c8c6fe6f08159a845fe05af6d667b4da251d489,8833
snapshots:
- completed:
    size: 491372
    url: https://raw.githubusercontent.com/commercialhaskell/stackage-snapshots/master/lts/15/5.yaml
    sha256: 1b549cfff328040c382a70a84a2087aac8dab6d778bf92f32a93a771a1980dfc
  original: lts-15.5
